# This file is autogenerated, do not edit; changes may be undone by the next 'dep ensure'.


[[projects]]
  branch = "master"
  name = "github.com/google/go-querystring"
  packages = ["query"]
  revision = "53e6ce116135b80d037921a7fdd5138cf32d7a8a"

[[projects]]
  name = "github.com/xanzy/go-gitlab"
  packages = ["."]
  revision = "5b756e2fdc9f21fd4791fa1453b8fe01af0f82e2"
  version = "v0.5.1"

[solve-meta]
  analyzer-name = "dep"
  analyzer-version = 1
  inputs-digest = "e002e35d6c2017bf6304237d84fa9e34088204e39ad3f0486acc9645b7790e69"
  solver-name = "gps-cdcl"
  solver-version = 1
