# This file is autogenerated, do not edit; changes may be undone by the next 'dep ensure'.


[[projects]]
  branch = "master"
  name = "github.com/google/go-querystring"
  packages = ["query"]
  revision = "53e6ce116135b80d037921a7fdd5138cf32d7a8a"

[[projects]]
  name = "github.com/xanzy/go-gitlab"
  packages = ["."]
  revision = "d760a66e91a4212eef40a57567787a5163a8f74c"
  version = "v0.8.1"

[solve-meta]
  analyzer-name = "dep"
  analyzer-version = 1
  inputs-digest = "de6ce8e51e9b8f6557f8023b0bfc2a212319a68be2be63434774fdc1ec8d23ec"
  solver-name = "gps-cdcl"
  solver-version = 1
